
Microsoft Visual Studio Solution File, Format Version 12.00
Project("{FAE04EC0-301F-11D3-BF4B-00C04F79EFBC}") = "WebApplication1", "WebApplication1\WebApplication1.csproj", "{FAF65AF3-09CD-43A5-8C9F-52E4C8DED688}"
EndProject
Global
	GlobalSection(SolutionConfigurationPlatforms) = preSolution
		Debug|Any CPU = Debug|Any CPU
		Release|Any CPU = Release|Any CPU
	EndGlobalSection
	GlobalSection(ProjectConfigurationPlatforms) = postSolution
		{FAF65AF3-09CD-43A5-8C9F-52E4C8DED688}.Debug|Any CPU.ActiveCfg = Debug|Any CPU
		{FAF65AF3-09CD-43A5-8C9F-52E4C8DED688}.Debug|Any CPU.Build.0 = Debug|Any CPU
		{FAF65AF3-09CD-43A5-8C9F-52E4C8DED688}.Release|Any CPU.ActiveCfg = Release|Any CPU
		{FAF65AF3-09CD-43A5-8C9F-52E4C8DED688}.Release|Any CPU.Build.0 = Release|Any CPU
	EndGlobalSection
EndGlobal
